
Microsoft Visual Studio Solution File, Format Version 12.00
# Visual Studio Version 16
VisualStudioVersion = 16.0.32901.82
MinimumVisualStudioVersion = 10.0.40219.1
Project("{FAE04EC0-301F-11D3-BF4B-00C04F79EFBC}") = "Part_1_Task_7.69", "Part_1_Task_7.69\Part_1_Task_7.69.csproj", "{3CD908EC-624D-4779-9184-6C0E458799F9}"
EndProject
Global
	GlobalSection(SolutionConfigurationPlatforms) = preSolution
		Debug|Any CPU = Debug|Any CPU
		Release|Any CPU = Release|Any CPU
	EndGlobalSection
	GlobalSection(ProjectConfigurationPlatforms) = postSolution
		{3CD908EC-624D-4779-9184-6C0E458799F9}.Debug|Any CPU.ActiveCfg = Debug|Any CPU
		{3CD908EC-624D-4779-9184-6C0E458799F9}.Debug|Any CPU.Build.0 = Debug|Any CPU
		{3CD908EC-624D-4779-9184-6C0E458799F9}.Release|Any CPU.ActiveCfg = Release|Any CPU
		{3CD908EC-624D-4779-9184-6C0E458799F9}.Release|Any CPU.Build.0 = Release|Any CPU
	EndGlobalSection
	GlobalSection(SolutionProperties) = preSolution
		HideSolutionNode = FALSE
	EndGlobalSection
	GlobalSection(ExtensibilityGlobals) = postSolution
		SolutionGuid = {4000C655-C641-41A4-A388-EA6708EE6E81}
	EndGlobalSection
EndGlobal
