
Microsoft Visual Studio Solution File, Format Version 12.00
# Visual Studio Version 16
VisualStudioVersion = 16.0.32901.82
MinimumVisualStudioVersion = 10.0.40219.1
Project("{FAE04EC0-301F-11D3-BF4B-00C04F79EFBC}") = "Part_1_Task_2.29", "Part_1_Task_2.29\Part_1_Task_2.29.csproj", "{E7730C92-673B-4F5B-9765-6B65F4273B6D}"
EndProject
Global
	GlobalSection(SolutionConfigurationPlatforms) = preSolution
		Debug|Any CPU = Debug|Any CPU
		Release|Any CPU = Release|Any CPU
	EndGlobalSection
	GlobalSection(ProjectConfigurationPlatforms) = postSolution
		{E7730C92-673B-4F5B-9765-6B65F4273B6D}.Debug|Any CPU.ActiveCfg = Debug|Any CPU
		{E7730C92-673B-4F5B-9765-6B65F4273B6D}.Debug|Any CPU.Build.0 = Debug|Any CPU
		{E7730C92-673B-4F5B-9765-6B65F4273B6D}.Release|Any CPU.ActiveCfg = Release|Any CPU
		{E7730C92-673B-4F5B-9765-6B65F4273B6D}.Release|Any CPU.Build.0 = Release|Any CPU
	EndGlobalSection
	GlobalSection(SolutionProperties) = preSolution
		HideSolutionNode = FALSE
	EndGlobalSection
	GlobalSection(ExtensibilityGlobals) = postSolution
		SolutionGuid = {C081285B-4FD7-4B74-9DE4-76DB794FC1F0}
	EndGlobalSection
EndGlobal
