
Microsoft Visual Studio Solution File, Format Version 12.00
# Visual Studio Version 16
VisualStudioVersion = 16.0.32901.82
MinimumVisualStudioVersion = 10.0.40219.1
Project("{FAE04EC0-301F-11D3-BF4B-00C04F79EFBC}") = "Part_1_Task_9.69", "Part_1_Task_9.69\Part_1_Task_9.69.csproj", "{5ED58E15-23B7-41B8-8640-A82543A3F40A}"
EndProject
Global
	GlobalSection(SolutionConfigurationPlatforms) = preSolution
		Debug|Any CPU = Debug|Any CPU
		Release|Any CPU = Release|Any CPU
	EndGlobalSection
	GlobalSection(ProjectConfigurationPlatforms) = postSolution
		{5ED58E15-23B7-41B8-8640-A82543A3F40A}.Debug|Any CPU.ActiveCfg = Debug|Any CPU
		{5ED58E15-23B7-41B8-8640-A82543A3F40A}.Debug|Any CPU.Build.0 = Debug|Any CPU
		{5ED58E15-23B7-41B8-8640-A82543A3F40A}.Release|Any CPU.ActiveCfg = Release|Any CPU
		{5ED58E15-23B7-41B8-8640-A82543A3F40A}.Release|Any CPU.Build.0 = Release|Any CPU
	EndGlobalSection
	GlobalSection(SolutionProperties) = preSolution
		HideSolutionNode = FALSE
	EndGlobalSection
	GlobalSection(ExtensibilityGlobals) = postSolution
		SolutionGuid = {A58B367C-C86A-4868-9EE5-640002371306}
	EndGlobalSection
EndGlobal
