
Microsoft Visual Studio Solution File, Format Version 12.00
# Visual Studio Version 16
VisualStudioVersion = 16.0.32901.82
MinimumVisualStudioVersion = 10.0.40219.1
Project("{FAE04EC0-301F-11D3-BF4B-00C04F79EFBC}") = "Part_1_Task_4.79", "Part_1_Task_4.79\Part_1_Task_4.79.csproj", "{773E2CE0-545E-40F5-8C9F-C8517370057C}"
EndProject
Global
	GlobalSection(SolutionConfigurationPlatforms) = preSolution
		Debug|Any CPU = Debug|Any CPU
		Release|Any CPU = Release|Any CPU
	EndGlobalSection
	GlobalSection(ProjectConfigurationPlatforms) = postSolution
		{773E2CE0-545E-40F5-8C9F-C8517370057C}.Debug|Any CPU.ActiveCfg = Debug|Any CPU
		{773E2CE0-545E-40F5-8C9F-C8517370057C}.Debug|Any CPU.Build.0 = Debug|Any CPU
		{773E2CE0-545E-40F5-8C9F-C8517370057C}.Release|Any CPU.ActiveCfg = Release|Any CPU
		{773E2CE0-545E-40F5-8C9F-C8517370057C}.Release|Any CPU.Build.0 = Release|Any CPU
	EndGlobalSection
	GlobalSection(SolutionProperties) = preSolution
		HideSolutionNode = FALSE
	EndGlobalSection
	GlobalSection(ExtensibilityGlobals) = postSolution
		SolutionGuid = {707EF3DB-D7B8-4EE6-8786-C5C88D008DBC}
	EndGlobalSection
EndGlobal
