
Microsoft Visual Studio Solution File, Format Version 12.00
# Visual Studio Version 16
VisualStudioVersion = 16.0.32901.82
MinimumVisualStudioVersion = 10.0.40219.1
Project("{FAE04EC0-301F-11D3-BF4B-00C04F79EFBC}") = "Part_1_Task_1.39", "Part_1_Task_1.39\Part_1_Task_1.39.csproj", "{52900E6A-9BCD-4113-9A99-965DE8E1B764}"
EndProject
Global
	GlobalSection(SolutionConfigurationPlatforms) = preSolution
		Debug|Any CPU = Debug|Any CPU
		Release|Any CPU = Release|Any CPU
	EndGlobalSection
	GlobalSection(ProjectConfigurationPlatforms) = postSolution
		{52900E6A-9BCD-4113-9A99-965DE8E1B764}.Debug|Any CPU.ActiveCfg = Debug|Any CPU
		{52900E6A-9BCD-4113-9A99-965DE8E1B764}.Debug|Any CPU.Build.0 = Debug|Any CPU
		{52900E6A-9BCD-4113-9A99-965DE8E1B764}.Release|Any CPU.ActiveCfg = Release|Any CPU
		{52900E6A-9BCD-4113-9A99-965DE8E1B764}.Release|Any CPU.Build.0 = Release|Any CPU
	EndGlobalSection
	GlobalSection(SolutionProperties) = preSolution
		HideSolutionNode = FALSE
	EndGlobalSection
	GlobalSection(ExtensibilityGlobals) = postSolution
		SolutionGuid = {29DE6495-5A62-4D46-89E5-02E87152DE7C}
	EndGlobalSection
EndGlobal
