
Microsoft Visual Studio Solution File, Format Version 12.00
# Visual Studio Version 16
VisualStudioVersion = 16.0.32901.82
MinimumVisualStudioVersion = 10.0.40219.1
Project("{FAE04EC0-301F-11D3-BF4B-00C04F79EFBC}") = "Part_1_Task_1.49", "Part_1_Task_1.49\Part_1_Task_1.49.csproj", "{CF3F6E57-B916-4080-80AF-D6C4CE7E0F44}"
EndProject
Global
	GlobalSection(SolutionConfigurationPlatforms) = preSolution
		Debug|Any CPU = Debug|Any CPU
		Release|Any CPU = Release|Any CPU
	EndGlobalSection
	GlobalSection(ProjectConfigurationPlatforms) = postSolution
		{CF3F6E57-B916-4080-80AF-D6C4CE7E0F44}.Debug|Any CPU.ActiveCfg = Debug|Any CPU
		{CF3F6E57-B916-4080-80AF-D6C4CE7E0F44}.Debug|Any CPU.Build.0 = Debug|Any CPU
		{CF3F6E57-B916-4080-80AF-D6C4CE7E0F44}.Release|Any CPU.ActiveCfg = Release|Any CPU
		{CF3F6E57-B916-4080-80AF-D6C4CE7E0F44}.Release|Any CPU.Build.0 = Release|Any CPU
	EndGlobalSection
	GlobalSection(SolutionProperties) = preSolution
		HideSolutionNode = FALSE
	EndGlobalSection
	GlobalSection(ExtensibilityGlobals) = postSolution
		SolutionGuid = {55EB25E5-7632-48A4-B6A7-6286B230AC3F}
	EndGlobalSection
EndGlobal
