
Microsoft Visual Studio Solution File, Format Version 12.00
# Visual Studio Version 16
VisualStudioVersion = 16.0.32901.82
MinimumVisualStudioVersion = 10.0.40219.1
Project("{FAE04EC0-301F-11D3-BF4B-00C04F79EFBC}") = "Part_1_Task_9.19", "Part_1_Task_9.19\Part_1_Task_9.19.csproj", "{2C56AF75-3D50-4F0A-8096-060C47807B08}"
EndProject
Global
	GlobalSection(SolutionConfigurationPlatforms) = preSolution
		Debug|Any CPU = Debug|Any CPU
		Release|Any CPU = Release|Any CPU
	EndGlobalSection
	GlobalSection(ProjectConfigurationPlatforms) = postSolution
		{2C56AF75-3D50-4F0A-8096-060C47807B08}.Debug|Any CPU.ActiveCfg = Debug|Any CPU
		{2C56AF75-3D50-4F0A-8096-060C47807B08}.Debug|Any CPU.Build.0 = Debug|Any CPU
		{2C56AF75-3D50-4F0A-8096-060C47807B08}.Release|Any CPU.ActiveCfg = Release|Any CPU
		{2C56AF75-3D50-4F0A-8096-060C47807B08}.Release|Any CPU.Build.0 = Release|Any CPU
	EndGlobalSection
	GlobalSection(SolutionProperties) = preSolution
		HideSolutionNode = FALSE
	EndGlobalSection
	GlobalSection(ExtensibilityGlobals) = postSolution
		SolutionGuid = {FA933BD5-C0B3-4A68-9DCE-BE5B34A69747}
	EndGlobalSection
EndGlobal
