
Microsoft Visual Studio Solution File, Format Version 12.00
# Visual Studio Version 16
VisualStudioVersion = 16.0.32901.82
MinimumVisualStudioVersion = 10.0.40219.1
Project("{FAE04EC0-301F-11D3-BF4B-00C04F79EFBC}") = "Part_1_Task_6.99", "Part_1_Task_6.99\Part_1_Task_6.99.csproj", "{A1C41307-A11F-4B82-A5BE-BC926C34906C}"
EndProject
Global
	GlobalSection(SolutionConfigurationPlatforms) = preSolution
		Debug|Any CPU = Debug|Any CPU
		Release|Any CPU = Release|Any CPU
	EndGlobalSection
	GlobalSection(ProjectConfigurationPlatforms) = postSolution
		{A1C41307-A11F-4B82-A5BE-BC926C34906C}.Debug|Any CPU.ActiveCfg = Debug|Any CPU
		{A1C41307-A11F-4B82-A5BE-BC926C34906C}.Debug|Any CPU.Build.0 = Debug|Any CPU
		{A1C41307-A11F-4B82-A5BE-BC926C34906C}.Release|Any CPU.ActiveCfg = Release|Any CPU
		{A1C41307-A11F-4B82-A5BE-BC926C34906C}.Release|Any CPU.Build.0 = Release|Any CPU
	EndGlobalSection
	GlobalSection(SolutionProperties) = preSolution
		HideSolutionNode = FALSE
	EndGlobalSection
	GlobalSection(ExtensibilityGlobals) = postSolution
		SolutionGuid = {C3B0AEC3-07B8-4538-87CF-5CF57278502C}
	EndGlobalSection
EndGlobal
