
Microsoft Visual Studio Solution File, Format Version 12.00
# Visual Studio Version 16
VisualStudioVersion = 16.0.32901.82
MinimumVisualStudioVersion = 10.0.40219.1
Project("{FAE04EC0-301F-11D3-BF4B-00C04F79EFBC}") = "Part_1_Task_4.29", "Part_1_Task_4.29\Part_1_Task_4.29.csproj", "{D828172D-1FC2-43FF-898B-546D095FE8E3}"
EndProject
Global
	GlobalSection(SolutionConfigurationPlatforms) = preSolution
		Debug|Any CPU = Debug|Any CPU
		Release|Any CPU = Release|Any CPU
	EndGlobalSection
	GlobalSection(ProjectConfigurationPlatforms) = postSolution
		{D828172D-1FC2-43FF-898B-546D095FE8E3}.Debug|Any CPU.ActiveCfg = Debug|Any CPU
		{D828172D-1FC2-43FF-898B-546D095FE8E3}.Debug|Any CPU.Build.0 = Debug|Any CPU
		{D828172D-1FC2-43FF-898B-546D095FE8E3}.Release|Any CPU.ActiveCfg = Release|Any CPU
		{D828172D-1FC2-43FF-898B-546D095FE8E3}.Release|Any CPU.Build.0 = Release|Any CPU
	EndGlobalSection
	GlobalSection(SolutionProperties) = preSolution
		HideSolutionNode = FALSE
	EndGlobalSection
	GlobalSection(ExtensibilityGlobals) = postSolution
		SolutionGuid = {4F0CEBD2-A9D4-4492-B4D9-09DC48693103}
	EndGlobalSection
EndGlobal
