
Microsoft Visual Studio Solution File, Format Version 12.00
# Visual Studio Version 16
VisualStudioVersion = 16.0.32901.82
MinimumVisualStudioVersion = 10.0.40219.1
Project("{FAE04EC0-301F-11D3-BF4B-00C04F79EFBC}") = "Part_1_Task_1.29", "Part_1_Task_1.29\Part_1_Task_1.29.csproj", "{03B2BEFB-ECBA-4DF0-9C99-86EEA9A1C5A3}"
EndProject
Global
	GlobalSection(SolutionConfigurationPlatforms) = preSolution
		Debug|Any CPU = Debug|Any CPU
		Release|Any CPU = Release|Any CPU
	EndGlobalSection
	GlobalSection(ProjectConfigurationPlatforms) = postSolution
		{03B2BEFB-ECBA-4DF0-9C99-86EEA9A1C5A3}.Debug|Any CPU.ActiveCfg = Debug|Any CPU
		{03B2BEFB-ECBA-4DF0-9C99-86EEA9A1C5A3}.Debug|Any CPU.Build.0 = Debug|Any CPU
		{03B2BEFB-ECBA-4DF0-9C99-86EEA9A1C5A3}.Release|Any CPU.ActiveCfg = Release|Any CPU
		{03B2BEFB-ECBA-4DF0-9C99-86EEA9A1C5A3}.Release|Any CPU.Build.0 = Release|Any CPU
	EndGlobalSection
	GlobalSection(SolutionProperties) = preSolution
		HideSolutionNode = FALSE
	EndGlobalSection
	GlobalSection(ExtensibilityGlobals) = postSolution
		SolutionGuid = {10C6C878-B32D-4FC2-B96B-C8DB2BD40CBB}
	EndGlobalSection
EndGlobal
